
Microsoft Visual Studio Solution File, Format Version 12.00
# Visual Studio Version 16
VisualStudioVersion = 16.0.30611.23
MinimumVisualStudioVersion = 10.0.40219.1
Project("{9A19103F-16F7-4668-BE54-9A1E7A4F7556}") = "DevIO.Business", "src\DevIO.Business\DevIO.Business.csproj", "{116CAD07-DFEA-472A-B003-EE3A7BC7BD91}"
EndProject
Project("{9A19103F-16F7-4668-BE54-9A1E7A4F7556}") = "DevIO.Data", "src\DevIO.Data\DevIO.Data.csproj", "{5C719BD8-CE15-4096-9AC8-62DB57C5C246}"
EndProject
Project("{FAE04EC0-301F-11D3-BF4B-00C04F79EFBC}") = "DevIO.Api", "DevIO.Api\DevIO.Api.csproj", "{3E0BA37B-DD28-4BAC-A99F-A6C185ED9E4A}"
EndProject
Global
	GlobalSection(SolutionConfigurationPlatforms) = preSolution
		Debug|Any CPU = Debug|Any CPU
		Release|Any CPU = Release|Any CPU
	EndGlobalSection
	GlobalSection(ProjectConfigurationPlatforms) = postSolution
		{116CAD07-DFEA-472A-B003-EE3A7BC7BD91}.Debug|Any CPU.ActiveCfg = Debug|Any CPU
		{116CAD07-DFEA-472A-B003-EE3A7BC7BD91}.Debug|Any CPU.Build.0 = Debug|Any CPU
		{116CAD07-DFEA-472A-B003-EE3A7BC7BD91}.Release|Any CPU.ActiveCfg = Release|Any CPU
		{116CAD07-DFEA-472A-B003-EE3A7BC7BD91}.Release|Any CPU.Build.0 = Release|Any CPU
		{5C719BD8-CE15-4096-9AC8-62DB57C5C246}.Debug|Any CPU.ActiveCfg = Debug|Any CPU
		{5C719BD8-CE15-4096-9AC8-62DB57C5C246}.Debug|Any CPU.Build.0 = Debug|Any CPU
		{5C719BD8-CE15-4096-9AC8-62DB57C5C246}.Release|Any CPU.ActiveCfg = Release|Any CPU
		{5C719BD8-CE15-4096-9AC8-62DB57C5C246}.Release|Any CPU.Build.0 = Release|Any CPU
		{3E0BA37B-DD28-4BAC-A99F-A6C185ED9E4A}.Debug|Any CPU.ActiveCfg = Debug|Any CPU
		{3E0BA37B-DD28-4BAC-A99F-A6C185ED9E4A}.Debug|Any CPU.Build.0 = Debug|Any CPU
		{3E0BA37B-DD28-4BAC-A99F-A6C185ED9E4A}.Release|Any CPU.ActiveCfg = Release|Any CPU
		{3E0BA37B-DD28-4BAC-A99F-A6C185ED9E4A}.Release|Any CPU.Build.0 = Release|Any CPU
	EndGlobalSection
	GlobalSection(SolutionProperties) = preSolution
		HideSolutionNode = FALSE
	EndGlobalSection
	GlobalSection(ExtensibilityGlobals) = postSolution
		SolutionGuid = {4994E38B-FA6D-41DC-A0F2-54E76665352E}
	EndGlobalSection
EndGlobal
